<?xml version="1.0" encoding="utf-8"?>
<Project ToolsVersion="4.0" xmlns="http://schemas.microsoft.com/developer/msbuild/2003">
  <ItemGroup>
    <ClCompile Include="Programmers\babbling.cpp">
      <Filter>Programmers</Filter>
    </ClCompile>
    <ClCompile Include="Programmers\CollatzConjecture.cpp">
      <Filter>Programmers</Filter>
    </ClCompile>
    <ClCompile Include="Programmers\DividingNumberCard.cpp">
      <Filter>Programmers</Filter>
    </ClCompile>
    <ClCompile Include="Programmers\DoublePriorityQueue.cpp">
      <Filter>Programmers</Filter>
    </ClCompile>
    <ClCompile Include="Programmers\FoodFight.cpp">
      <Filter>Programmers</Filter>
    </ClCompile>
    <ClCompile Include="Programmers\FruitSeller.cpp">
      <Filter>Programmers</Filter>
    </ClCompile>
    <ClCompile Include="Programmers\MakingHamburger.cpp">
      <Filter>Programmers</Filter>
    </ClCompile>
    <ClCompile Include="Programmers\Multiple.cpp">
      <Filter>Programmers</Filter>
    </ClCompile>
    <ClCompile Include="Programmers\snakeGame.cpp">
      <Filter>Programmers</Filter>
    </ClCompile>
    <ClCompile Include="Programmers\WeaponOfKnights.cpp">
      <Filter>Programmers</Filter>
    </ClCompile>
    <ClCompile Include="1064_Parallelogram.cpp" />
    <ClCompile Include="1135_ReportTheNews.cpp" />
    <ClCompile Include="1023_BracketString.cpp" />
    <ClCompile Include="NotMyCode\9251_LCS.cpp">
      <Filter>NotMyCode</Filter>
    </ClCompile>
    <ClCompile Include="1002_Turret.cpp">
      <Filter>BOJ</Filter>
    </ClCompile>
    <ClCompile Include="1005_ACMCraft.cpp">
      <Filter>BOJ</Filter>
    </ClCompile>
    <ClCompile Include="1006_RaiderChoragi.cpp">
      <Filter>BOJ</Filter>
    </ClCompile>
    <ClCompile Include="1014_Cheating.cpp">
      <Filter>BOJ</Filter>
    </ClCompile>
    <ClCompile Include="1015_SequenceArrangement.cpp">
      <Filter>BOJ</Filter>
    </ClCompile>
    <ClCompile Include="1016_SquareNoNoNumber.cpp">
      <Filter>BOJ</Filter>
    </ClCompile>
    <ClCompile Include="1019_BookPage.cpp">
      <Filter>BOJ</Filter>
    </ClCompile>
    <ClCompile Include="1020_DigitalCounter.cpp">
      <Filter>BOJ</Filter>
    </ClCompile>
    <ClCompile Include="1027_Skyscraper.cpp">
      <Filter>BOJ</Filter>
    </ClCompile>
    <ClCompile Include="1032_cmd.cpp">
      <Filter>BOJ</Filter>
    </ClCompile>
    <ClCompile Include="1043_Lie.cpp">
      <Filter>BOJ</Filter>
    </ClCompile>
    <ClCompile Include="1049_GuitarStrings.cpp">
      <Filter>BOJ</Filter>
    </ClCompile>
    <ClCompile Include="1052_WaterBottle.cpp">
      <Filter>BOJ</Filter>
    </ClCompile>
    <ClCompile Include="1074_Z.cpp">
      <Filter>BOJ</Filter>
    </ClCompile>
    <ClCompile Include="1107_RemoteController.cpp">
      <Filter>BOJ</Filter>
    </ClCompile>
    <ClCompile Include="1107_RemoteController_2.cpp">
      <Filter>BOJ</Filter>
    </ClCompile>
    <ClCompile Include="1149_RGBDistance.cpp">
      <Filter>BOJ</Filter>
    </ClCompile>
    <ClCompile Include="1152_NumberOfWords.cpp">
      <Filter>BOJ</Filter>
    </ClCompile>
    <ClCompile Include="1157_WordStudying.cpp">
      <Filter>BOJ</Filter>
    </ClCompile>
    <ClCompile Include="1167_TreeDiameter.cpp">
      <Filter>BOJ</Filter>
    </ClCompile>
    <ClCompile Include="1197_MinimumSpanningTree.cpp">
      <Filter>BOJ</Filter>
    </ClCompile>
    <ClCompile Include="1202_JewelThief.cpp">
      <Filter>BOJ</Filter>
    </ClCompile>
    <ClCompile Include="1208_TheSumOfPartialSequence2.cpp">
      <Filter>BOJ</Filter>
    </ClCompile>
    <ClCompile Include="1238_Party.cpp">
      <Filter>BOJ</Filter>
    </ClCompile>
    <ClCompile Include="1260_DFSandBFS.cpp">
      <Filter>BOJ</Filter>
    </ClCompile>
    <ClCompile Include="1271_ExtremelyRich2.cpp">
      <Filter>BOJ</Filter>
    </ClCompile>
    <ClCompile Include="1389_SixDegreeOfKevinBacon.cpp">
      <Filter>BOJ</Filter>
    </ClCompile>
    <ClCompile Include="1417_ParliamentaryElections.cpp">
      <Filter>BOJ</Filter>
    </ClCompile>
    <ClCompile Include="1418_K_SaeJoonNumber.cpp">
      <Filter>BOJ</Filter>
    </ClCompile>
    <ClCompile Include="1504_SpecificShortestPath.cpp">
      <Filter>BOJ</Filter>
    </ClCompile>
    <ClCompile Include="1509_DividePalindrome.cpp">
      <Filter>BOJ</Filter>
    </ClCompile>
    <ClCompile Include="1541_LostBrackets.cpp">
      <Filter>BOJ</Filter>
    </ClCompile>
    <ClCompile Include="1562_StairNumber.cpp">
      <Filter>BOJ</Filter>
    </ClCompile>
    <ClCompile Include="1620_PokemonMaster.cpp">
      <Filter>BOJ</Filter>
    </ClCompile>
    <ClCompile Include="1629_Product.cpp">
      <Filter>BOJ</Filter>
    </ClCompile>
    <ClCompile Include="1676_NumberOfFactorial0.cpp">
      <Filter>BOJ</Filter>
    </ClCompile>
    <ClCompile Include="1717_RepresentationOfSet.cpp">
      <Filter>BOJ</Filter>
    </ClCompile>
    <ClCompile Include="1753_ShortestPath.cpp">
      <Filter>BOJ</Filter>
    </ClCompile>
    <ClCompile Include="1799_Bishop.cpp">
      <Filter>BOJ</Filter>
    </ClCompile>
    <ClCompile Include="1865_Wromhole.cpp">
      <Filter>BOJ</Filter>
    </ClCompile>
    <ClCompile Include="1874_StackSequence.cpp">
      <Filter>BOJ</Filter>
    </ClCompile>
    <ClCompile Include="1904_01Tile.cpp">
      <Filter>BOJ</Filter>
    </ClCompile>
    <ClCompile Include="1904_Tile01.cpp">
      <Filter>BOJ</Filter>
    </ClCompile>
    <ClCompile Include="1916_CalculatingMinimumCost.cpp">
      <Filter>BOJ</Filter>
    </ClCompile>
    <ClCompile Include="1918_PostfixAnotaion.cpp">
      <Filter>BOJ</Filter>
    </ClCompile>
    <ClCompile Include="1927_MinimumHeap.cpp">
      <Filter>BOJ</Filter>
    </ClCompile>
    <ClCompile Include="1932_IntegerTriangle.cpp">
      <Filter>BOJ</Filter>
    </ClCompile>
    <ClCompile Include="1967_DiameterOfTree.cpp">
      <Filter>BOJ</Filter>
    </ClCompile>
    <ClCompile Include="1987_Alphabet.cpp">
      <Filter>BOJ</Filter>
    </ClCompile>
    <ClCompile Include="1991_TreeTraversal.cpp">
      <Filter>BOJ</Filter>
    </ClCompile>
    <ClCompile Include="1992_QuadTree.cpp">
      <Filter>BOJ</Filter>
    </ClCompile>
    <ClCompile Include="2096_GoDown.cpp">
      <Filter>BOJ</Filter>
    </ClCompile>
    <ClCompile Include="2098_TravelingSalesmanProblem.cpp">
      <Filter>BOJ</Filter>
    </ClCompile>
    <ClCompile Include="2108_statistics.cpp">
      <Filter>BOJ</Filter>
    </ClCompile>
    <ClCompile Include="2143_SumOfTwoArrays.cpp">
      <Filter>BOJ</Filter>
    </ClCompile>
    <ClCompile Include="2162_LineSegmentGroup.cpp">
      <Filter>BOJ</Filter>
    </ClCompile>
    <ClCompile Include="2178_MazeExplorations.cpp">
      <Filter>BOJ</Filter>
    </ClCompile>
    <ClCompile Include="2206_BreakTheWallAndGo.cpp">
      <Filter>BOJ</Filter>
    </ClCompile>
    <ClCompile Include="2252_LineUp.cpp">
      <Filter>BOJ</Filter>
    </ClCompile>
    <ClCompile Include="2342_DanceDanceRevolution.cpp">
      <Filter>BOJ</Filter>
    </ClCompile>
    <ClCompile Include="2420_SafariWorld.cpp">
      <Filter>BOJ</Filter>
    </ClCompile>
    <ClCompile Include="2438_DrawingStar.cpp">
      <Filter>BOJ</Filter>
    </ClCompile>
    <ClCompile Include="2447_DrawStar10.cpp">
      <Filter>BOJ</Filter>
    </ClCompile>
    <ClCompile Include="2448_DrawingStar11.cpp">
      <Filter>BOJ</Filter>
    </ClCompile>
    <ClCompile Include="2473_ThreeSolutions.cpp">
      <Filter>BOJ</Filter>
    </ClCompile>
    <ClCompile Include="2475_VerificationNumber.cpp">
      <Filter>BOJ</Filter>
    </ClCompile>
    <ClCompile Include="2480_ThreeDices.cpp">
      <Filter>BOJ</Filter>
    </ClCompile>
    <ClCompile Include="2525_OvenClock.cpp">
      <Filter>BOJ</Filter>
    </ClCompile>
    <ClCompile Include="2562_MaxNumber.cpp">
      <Filter>BOJ</Filter>
    </ClCompile>
    <ClCompile Include="2577_NumberOfDigits.cpp">
      <Filter>BOJ</Filter>
    </ClCompile>
    <ClCompile Include="2579_ClimbingStairs.cpp">
      <Filter>BOJ</Filter>
    </ClCompile>
    <ClCompile Include="2623_MusicProgram.cpp">
      <Filter>BOJ</Filter>
    </ClCompile>
    <ClCompile Include="2638_Cheese.cpp">
      <Filter>BOJ</Filter>
    </ClCompile>
    <ClCompile Include="2667_NumberingAptComplex.cpp">
      <Filter>BOJ</Filter>
    </ClCompile>
    <ClCompile Include="2675_StringRepetition.cpp">
      <Filter>BOJ</Filter>
    </ClCompile>
    <ClCompile Include="2741_PrintN.cpp">
      <Filter>BOJ</Filter>
    </ClCompile>
    <ClCompile Include="2742_NtnirP.cpp">
      <Filter>BOJ</Filter>
    </ClCompile>
    <ClCompile Include="2884_AlarmClock.cpp">
      <Filter>BOJ</Filter>
    </ClCompile>
    <ClCompile Include="2887_PlanetTunnel.cpp">
      <Filter>BOJ</Filter>
    </ClCompile>
    <ClCompile Include="2920_Scale.cpp">
      <Filter>BOJ</Filter>
    </ClCompile>
    <ClCompile Include="3052_Remainder.cpp">
      <Filter>BOJ</Filter>
    </ClCompile>
    <ClCompile Include="5430_AC.cpp">
      <Filter>BOJ</Filter>
    </ClCompile>
    <ClCompile Include="5525_IOIOI.cpp">
      <Filter>BOJ</Filter>
    </ClCompile>
    <ClCompile Include="5639_BinarySearchTree.cpp">
      <Filter>BOJ</Filter>
    </ClCompile>
    <ClCompile Include="6064_CainCalendar.cpp">
      <Filter>BOJ</Filter>
    </ClCompile>
    <ClCompile Include="7569_Tomato.cpp">
      <Filter>BOJ</Filter>
    </ClCompile>
    <ClCompile Include="7579_App.cpp">
      <Filter>BOJ</Filter>
    </ClCompile>
    <ClCompile Include="8389_Sum.cpp">
      <Filter>BOJ</Filter>
    </ClCompile>
    <ClCompile Include="8958_OXQuiz.cpp">
      <Filter>BOJ</Filter>
    </ClCompile>
    <ClCompile Include="9019_DSLR.cpp">
      <Filter>BOJ</Filter>
    </ClCompile>
    <ClCompile Include="9251_LCS.cpp">
      <Filter>BOJ</Filter>
    </ClCompile>
    <ClCompile Include="9375_KingOfFashionShinHaebin.cpp">
      <Filter>BOJ</Filter>
    </ClCompile>
    <ClCompile Include="9461_PadovanSequence.cpp">
      <Filter>BOJ</Filter>
    </ClCompile>
    <ClCompile Include="9465_Sticker.cpp">
      <Filter>BOJ</Filter>
    </ClCompile>
    <ClCompile Include="9466_TermProject.cpp">
      <Filter>BOJ</Filter>
    </ClCompile>
    <ClCompile Include="9527_CountingNumberOf1.cpp">
      <Filter>BOJ</Filter>
    </ClCompile>
    <ClCompile Include="9663_N_Queens.cpp">
      <Filter>BOJ</Filter>
    </ClCompile>
    <ClCompile Include="9935_ExplosiveString.cpp">
      <Filter>BOJ</Filter>
    </ClCompile>
    <ClCompile Include="10026_RedGreenColorWeakness.cpp">
      <Filter>BOJ</Filter>
    </ClCompile>
    <ClCompile Include="10171_DrawingCat.cpp">
      <Filter>BOJ</Filter>
    </ClCompile>
    <ClCompile Include="10172_Dog.cpp">
      <Filter>BOJ</Filter>
    </ClCompile>
    <ClCompile Include="10430_Remainder.cpp">
      <Filter>BOJ</Filter>
    </ClCompile>
    <ClCompile Include="10807_Counting.cpp">
      <Filter>BOJ</Filter>
    </ClCompile>
    <ClCompile Include="10810_PuttingBallsIn.cpp">
      <Filter>BOJ</Filter>
    </ClCompile>
    <ClCompile Include="10816_NumberCard2.cpp">
      <Filter>BOJ</Filter>
    </ClCompile>
    <ClCompile Include="10818_MinAndMax.cpp">
      <Filter>BOJ</Filter>
    </ClCompile>
    <ClCompile Include="10830_SquaredMatrix.cpp">
      <Filter>BOJ</Filter>
    </ClCompile>
    <ClCompile Include="10870_Fibonacci5.cpp">
      <Filter>BOJ</Filter>
    </ClCompile>
    <ClCompile Include="10872_factorial.cpp">
      <Filter>BOJ</Filter>
    </ClCompile>
    <ClCompile Include="10951_APlusB4.cpp">
      <Filter>BOJ</Filter>
    </ClCompile>
    <ClCompile Include="10988_CheckIsThisPalindrome.cpp">
      <Filter>BOJ</Filter>
    </ClCompile>
    <ClCompile Include="11047_Coin0.cpp">
      <Filter>BOJ</Filter>
    </ClCompile>
    <ClCompile Include="11049_MatrixMultiplicationOrder.cpp">
      <Filter>BOJ</Filter>
    </ClCompile>
    <ClCompile Include="11053_TheLongestAscendingSubsequnce.cpp">
      <Filter>BOJ</Filter>
    </ClCompile>
    <ClCompile Include="11054_TheLongestBitonicSubsequence.cpp">
      <Filter>BOJ</Filter>
    </ClCompile>
    <ClCompile Include="11286_AbsolutValueHeap.cpp">
      <Filter>BOJ</Filter>
    </ClCompile>
    <ClCompile Include="11382_KidJungmin.cpp">
      <Filter>BOJ</Filter>
    </ClCompile>
    <ClCompile Include="11403_PathFinding.cpp">
      <Filter>BOJ</Filter>
    </ClCompile>
    <ClCompile Include="11404_Floyd.cpp">
      <Filter>BOJ</Filter>
    </ClCompile>
    <ClCompile Include="11444_Fibonacci6.cpp">
      <Filter>BOJ</Filter>
    </ClCompile>
    <ClCompile Include="11654_ASCIICode.cpp">
      <Filter>BOJ</Filter>
    </ClCompile>
    <ClCompile Include="11659_SectionSum.cpp">
      <Filter>BOJ</Filter>
    </ClCompile>
    <ClCompile Include="11660_FindingIntervalSum.cpp">
      <Filter>BOJ</Filter>
    </ClCompile>
    <ClCompile Include="11723_Set.cpp">
      <Filter>BOJ</Filter>
    </ClCompile>
    <ClCompile Include="11725_FindingParentOfTree.cpp">
      <Filter>BOJ</Filter>
    </ClCompile>
    <ClCompile Include="11726_2xnTiling.cpp">
      <Filter>BOJ</Filter>
    </ClCompile>
    <ClCompile Include="11727_2xnTiling2.cpp">
      <Filter>BOJ</Filter>
    </ClCompile>
    <ClCompile Include="11779_CalculatingMinimumCost2.cpp">
      <Filter>BOJ</Filter>
    </ClCompile>
    <ClCompile Include="12015_TheLongestIncreasingSubsequence2.cpp">
      <Filter>BOJ</Filter>
    </ClCompile>
    <ClCompile Include="12100_2048Easy.cpp">
      <Filter>BOJ</Filter>
    </ClCompile>
    <ClCompile Include="12850_MainUnivWalk.cpp">
      <Filter>BOJ</Filter>
    </ClCompile>
    <ClCompile Include="12851_HideAndSeek2.cpp">
      <Filter>BOJ</Filter>
    </ClCompile>
    <ClCompile Include="12865_NormalKnapsack.cpp">
      <Filter>BOJ</Filter>
    </ClCompile>
    <ClCompile Include="13172_Σ.cpp">
      <Filter>BOJ</Filter>
    </ClCompile>
    <ClCompile Include="13460_EscapeMarble2.cpp">
      <Filter>BOJ</Filter>
    </ClCompile>
    <ClCompile Include="13549_HideAndSeek3.cpp">
      <Filter>BOJ</Filter>
    </ClCompile>
    <ClCompile Include="14500_Tetromino.cpp">
      <Filter>BOJ</Filter>
    </ClCompile>
    <ClCompile Include="14502_Laboratory.cpp">
      <Filter>BOJ</Filter>
    </ClCompile>
    <ClCompile Include="14888_InsertOperator.cpp">
      <Filter>BOJ</Filter>
    </ClCompile>
    <ClCompile Include="14938_SogangGround.cpp">
      <Filter>BOJ</Filter>
    </ClCompile>
    <ClCompile Include="14939_LightsOff.cpp">
      <Filter>BOJ</Filter>
    </ClCompile>
    <ClCompile Include="15439_VeraAndOutfits.cpp">
      <Filter>BOJ</Filter>
    </ClCompile>
    <ClCompile Include="15552_FastAdditionAandB.cpp">
      <Filter>BOJ</Filter>
    </ClCompile>
    <ClCompile Include="15654_NAndM.cpp">
      <Filter>BOJ</Filter>
    </ClCompile>
    <ClCompile Include="15663_NandM.cpp">
      <Filter>BOJ</Filter>
    </ClCompile>
    <ClCompile Include="15666_NAndM.cpp">
      <Filter>BOJ</Filter>
    </ClCompile>
    <ClCompile Include="15686_ChickenDelivery.cpp">
      <Filter>BOJ</Filter>
    </ClCompile>
    <ClCompile Include="16236_BabyShark.cpp">
      <Filter>BOJ</Filter>
    </ClCompile>
    <ClCompile Include="16430_JerryAndTom.cpp">
      <Filter>BOJ</Filter>
    </ClCompile>
    <ClCompile Include="16566_CardGame.cpp">
      <Filter>BOJ</Filter>
    </ClCompile>
    <ClCompile Include="16724_PiedPiper.cpp">
      <Filter>BOJ</Filter>
    </ClCompile>
    <ClCompile Include="16946_WalkThroughWalls.cpp">
      <Filter>BOJ</Filter>
    </ClCompile>
    <ClCompile Include="16953_AtoB.cpp">
      <Filter>BOJ</Filter>
    </ClCompile>
    <ClCompile Include="16982_SnakeAndLadderGame.cpp">
      <Filter>BOJ</Filter>
    </ClCompile>
    <ClCompile Include="17070_CarryingPipe1.cpp">
      <Filter>BOJ</Filter>
    </ClCompile>
    <ClCompile Include="17143_FishingKing.cpp">
      <Filter>BOJ</Filter>
    </ClCompile>
    <ClCompile Include="17144_GoodbyeBrownSmog.cpp">
      <Filter>BOJ</Filter>
    </ClCompile>
    <ClCompile Include="17219_FindingPassword.cpp">
      <Filter>BOJ</Filter>
    </ClCompile>
    <ClCompile Include="17387_CrossedLineSegment2.cpp">
      <Filter>BOJ</Filter>
    </ClCompile>
    <ClCompile Include="17404_RGBDistance2.cpp">
      <Filter>BOJ</Filter>
    </ClCompile>
    <ClCompile Include="17626_FourSquares.cpp">
      <Filter>BOJ</Filter>
    </ClCompile>
    <ClCompile Include="18110_SolvedAC.cpp">
      <Filter>BOJ</Filter>
    </ClCompile>
    <ClCompile Include="20040_CycleGame.cpp">
      <Filter>BOJ</Filter>
    </ClCompile>
    <ClCompile Include="20303_BulliesOnHalloween.cpp">
      <Filter>BOJ</Filter>
    </ClCompile>
    <ClCompile Include="20529_PyschologicalDistance.cpp">
      <Filter>BOJ</Filter>
    </ClCompile>
    <ClCompile Include="21736_OldStudentNeedFriends.cpp">
      <Filter>BOJ</Filter>
    </ClCompile>
    <ClCompile Include="24060_MergeSort1.cpp">
      <Filter>BOJ</Filter>
    </ClCompile>
    <ClCompile Include="27172_DividingGame.cpp">
      <Filter>BOJ</Filter>
    </ClCompile>
    <ClCompile Include="27433_Factorial2.cpp">
      <Filter>BOJ</Filter>
    </ClCompile>
    <ClCompile Include="27866_CharAndString.cpp">
      <Filter>BOJ</Filter>
    </ClCompile>
  </ItemGroup>
  <ItemGroup>
    <Filter Include="BOJ">
      <UniqueIdentifier>{b9004a69-8180-44fd-8093-cd71ed36ab1b}</UniqueIdentifier>
    </Filter>
    <Filter Include="Programmers">
      <UniqueIdentifier>{9e396600-0121-4906-a5bb-274d351ddc2a}</UniqueIdentifier>
    </Filter>
    <Filter Include="NotMyCode">
      <UniqueIdentifier>{3a27139e-cc53-4ae0-b13b-fd972850cc78}</UniqueIdentifier>
    </Filter>
  </ItemGroup>
</Project>